
Microsoft Visual Studio Solution File, Format Version 12.00
# Visual Studio 15
VisualStudioVersion = 15.0.26730.8
MinimumVisualStudioVersion = 10.0.40219.1
Project("{FAE04EC0-301F-11D3-BF4B-00C04F79EFBC}") = "SignalRDatabaseNotification", "SignalRDatabaseNotification\SignalRDatabaseNotification.csproj", "{35108221-A621-4219-B315-7C35D744F34E}"
EndProject
Project("{00D1A9C2-B5F0-4AF3-8072-F6C62B433612}") = "SQL", "SQL\SQL.sqlproj", "{3E9B1C46-19DC-406F-A2D8-F398A050C1C8}"
EndProject
Project("{FAE04EC0-301F-11D3-BF4B-00C04F79EFBC}") = "SignalRDatabaseNotification.Data", "SignalRDatabaseNotification.Data\SignalRDatabaseNotification.Data.csproj", "{848705DD-E88A-4050-A163-0E918038F42F}"
EndProject
Project("{FAE04EC0-301F-11D3-BF4B-00C04F79EFBC}") = "SignalRDatabaseNotification.Core", "SignalRDatabaseNotification.Core\SignalRDatabaseNotification.Core.csproj", "{C04BEB05-0975-4D86-9F52-F9C8E6419C7C}"
EndProject
Global
	GlobalSection(SolutionConfigurationPlatforms) = preSolution
		Debug|Any CPU = Debug|Any CPU
		Release|Any CPU = Release|Any CPU
	EndGlobalSection
	GlobalSection(ProjectConfigurationPlatforms) = postSolution
		{35108221-A621-4219-B315-7C35D744F34E}.Debug|Any CPU.ActiveCfg = Debug|Any CPU
		{35108221-A621-4219-B315-7C35D744F34E}.Debug|Any CPU.Build.0 = Debug|Any CPU
		{35108221-A621-4219-B315-7C35D744F34E}.Release|Any CPU.ActiveCfg = Release|Any CPU
		{35108221-A621-4219-B315-7C35D744F34E}.Release|Any CPU.Build.0 = Release|Any CPU
		{3E9B1C46-19DC-406F-A2D8-F398A050C1C8}.Debug|Any CPU.ActiveCfg = Debug|Any CPU
		{3E9B1C46-19DC-406F-A2D8-F398A050C1C8}.Release|Any CPU.ActiveCfg = Release|Any CPU
		{848705DD-E88A-4050-A163-0E918038F42F}.Debug|Any CPU.ActiveCfg = Debug|Any CPU
		{848705DD-E88A-4050-A163-0E918038F42F}.Debug|Any CPU.Build.0 = Debug|Any CPU
		{848705DD-E88A-4050-A163-0E918038F42F}.Release|Any CPU.ActiveCfg = Release|Any CPU
		{848705DD-E88A-4050-A163-0E918038F42F}.Release|Any CPU.Build.0 = Release|Any CPU
		{C04BEB05-0975-4D86-9F52-F9C8E6419C7C}.Debug|Any CPU.ActiveCfg = Debug|Any CPU
		{C04BEB05-0975-4D86-9F52-F9C8E6419C7C}.Debug|Any CPU.Build.0 = Debug|Any CPU
		{C04BEB05-0975-4D86-9F52-F9C8E6419C7C}.Release|Any CPU.ActiveCfg = Release|Any CPU
		{C04BEB05-0975-4D86-9F52-F9C8E6419C7C}.Release|Any CPU.Build.0 = Release|Any CPU
	EndGlobalSection
	GlobalSection(SolutionProperties) = preSolution
		HideSolutionNode = FALSE
	EndGlobalSection
	GlobalSection(ExtensibilityGlobals) = postSolution
		SolutionGuid = {69623AA1-C023-4B24-8B02-748A6D775A48}
	EndGlobalSection
EndGlobal
